
Microsoft Visual Studio Solution File, Format Version 12.00
# Visual Studio Version 17
VisualStudioVersion = 17.0.31912.275
MinimumVisualStudioVersion = 10.0.40219.1
Project("{FAE04EC0-301F-11D3-BF4B-00C04F79EFBC}") = "paint", "paint.csproj", "{BFCFF5BA-4D72-430E-9E40-27D051A50E54}"
EndProject
Global
	GlobalSection(SolutionConfigurationPlatforms) = preSolution
		Debug|Any CPU = Debug|Any CPU
		Release|Any CPU = Release|Any CPU
	EndGlobalSection
	GlobalSection(ProjectConfigurationPlatforms) = postSolution
		{BFCFF5BA-4D72-430E-9E40-27D051A50E54}.Debug|Any CPU.ActiveCfg = Debug|Any CPU
		{BFCFF5BA-4D72-430E-9E40-27D051A50E54}.Debug|Any CPU.Build.0 = Debug|Any CPU
		{BFCFF5BA-4D72-430E-9E40-27D051A50E54}.Release|Any CPU.ActiveCfg = Release|Any CPU
		{BFCFF5BA-4D72-430E-9E40-27D051A50E54}.Release|Any CPU.Build.0 = Release|Any CPU
	EndGlobalSection
	GlobalSection(SolutionProperties) = preSolution
		HideSolutionNode = FALSE
	EndGlobalSection
	GlobalSection(ExtensibilityGlobals) = postSolution
		SolutionGuid = {E3BCAB98-840A-4D35-AC1E-9DAA7EE951AA}
	EndGlobalSection
EndGlobal
